
Microsoft Visual Studio Solution File, Format Version 12.00
# Visual Studio Version 16
VisualStudioVersion = 16.0.30204.135
MinimumVisualStudioVersion = 10.0.40219.1
Project("{FAE04EC0-301F-11D3-BF4B-00C04F79EFBC}") = "Agenda", "Agenda.csproj", "{AB43455F-3027-49C1-AFD0-4F53A9D2233C}"
EndProject
Global
	GlobalSection(SolutionConfigurationPlatforms) = preSolution
		Debug|Any CPU = Debug|Any CPU
		Release|Any CPU = Release|Any CPU
	EndGlobalSection
	GlobalSection(ProjectConfigurationPlatforms) = postSolution
		{AB43455F-3027-49C1-AFD0-4F53A9D2233C}.Debug|Any CPU.ActiveCfg = Debug|Any CPU
		{AB43455F-3027-49C1-AFD0-4F53A9D2233C}.Debug|Any CPU.Build.0 = Debug|Any CPU
		{AB43455F-3027-49C1-AFD0-4F53A9D2233C}.Release|Any CPU.ActiveCfg = Release|Any CPU
		{AB43455F-3027-49C1-AFD0-4F53A9D2233C}.Release|Any CPU.Build.0 = Release|Any CPU
	EndGlobalSection
	GlobalSection(SolutionProperties) = preSolution
		HideSolutionNode = FALSE
	EndGlobalSection
	GlobalSection(ExtensibilityGlobals) = postSolution
		SolutionGuid = {8B45157A-B3F8-4B55-A076-26C03CE47808}
	EndGlobalSection
EndGlobal
